
Microsoft Visual Studio Solution File, Format Version 12.00
# Visual Studio Version 17
VisualStudioVersion = 17.0.31903.59
MinimumVisualStudioVersion = 10.0.40219.1
Project("{9A19103F-16F7-4668-BE54-9A1E7A4F7556}") = "API", "API\API.csproj", "{18DB7401-503B-4B22-872C-1C5BA291583F}"
EndProject
Project("{FAE04EC0-301F-11D3-BF4B-00C04F79EFBC}") = "Core", "Core\Core.csproj", "{EF9172BE-B1E6-49EC-AF83-6CBA1A2FBD9F}"
EndProject
Project("{FAE04EC0-301F-11D3-BF4B-00C04F79EFBC}") = "Infrastructure", "Infrastructure\Infrastructure.csproj", "{4D925360-7740-43DD-97DF-7039399CA93B}"
EndProject
Global
	GlobalSection(SolutionConfigurationPlatforms) = preSolution
		Debug|Any CPU = Debug|Any CPU
		Release|Any CPU = Release|Any CPU
	EndGlobalSection
	GlobalSection(ProjectConfigurationPlatforms) = postSolution
		{18DB7401-503B-4B22-872C-1C5BA291583F}.Debug|Any CPU.ActiveCfg = Debug|Any CPU
		{18DB7401-503B-4B22-872C-1C5BA291583F}.Debug|Any CPU.Build.0 = Debug|Any CPU
		{18DB7401-503B-4B22-872C-1C5BA291583F}.Release|Any CPU.ActiveCfg = Release|Any CPU
		{18DB7401-503B-4B22-872C-1C5BA291583F}.Release|Any CPU.Build.0 = Release|Any CPU
		{EF9172BE-B1E6-49EC-AF83-6CBA1A2FBD9F}.Debug|Any CPU.ActiveCfg = Debug|Any CPU
		{EF9172BE-B1E6-49EC-AF83-6CBA1A2FBD9F}.Debug|Any CPU.Build.0 = Debug|Any CPU
		{EF9172BE-B1E6-49EC-AF83-6CBA1A2FBD9F}.Release|Any CPU.ActiveCfg = Release|Any CPU
		{EF9172BE-B1E6-49EC-AF83-6CBA1A2FBD9F}.Release|Any CPU.Build.0 = Release|Any CPU
		{4D925360-7740-43DD-97DF-7039399CA93B}.Debug|Any CPU.ActiveCfg = Debug|Any CPU
		{4D925360-7740-43DD-97DF-7039399CA93B}.Debug|Any CPU.Build.0 = Debug|Any CPU
		{4D925360-7740-43DD-97DF-7039399CA93B}.Release|Any CPU.ActiveCfg = Release|Any CPU
		{4D925360-7740-43DD-97DF-7039399CA93B}.Release|Any CPU.Build.0 = Release|Any CPU
	EndGlobalSection
	GlobalSection(SolutionProperties) = preSolution
		HideSolutionNode = FALSE
	EndGlobalSection
	GlobalSection(ExtensibilityGlobals) = postSolution
		SolutionGuid = {B0FB50E6-950E-421A-8386-37930BE82600}
	EndGlobalSection
EndGlobal
